
Microsoft Visual Studio Solution File, Format Version 12.00
# Visual Studio 15
Project("{FAE04EC0-301F-11D3-BF4B-00C04F79EFBC}") = "Assembly-CSharp", "Assembly-CSharp.csproj", "{0AD1310B-389B-BDE7-9628-DA0A24E6981F}"
EndProject
Project("{FAE04EC0-301F-11D3-BF4B-00C04F79EFBC}") = "Assembly-CSharp-Editor", "Assembly-CSharp-Editor.csproj", "{EA62CD33-D284-0D73-B05E-DE9AD72C345E}"
EndProject
Global
	GlobalSection(SolutionConfigurationPlatforms) = preSolution
		Debug|Any CPU = Debug|Any CPU
		Release|Any CPU = Release|Any CPU
	EndGlobalSection
	GlobalSection(ProjectConfigurationPlatforms) = postSolution
		{0AD1310B-389B-BDE7-9628-DA0A24E6981F}.Debug|Any CPU.ActiveCfg = Debug|Any CPU
		{0AD1310B-389B-BDE7-9628-DA0A24E6981F}.Debug|Any CPU.Build.0 = Debug|Any CPU
		{0AD1310B-389B-BDE7-9628-DA0A24E6981F}.Release|Any CPU.ActiveCfg = Release|Any CPU
		{0AD1310B-389B-BDE7-9628-DA0A24E6981F}.Release|Any CPU.Build.0 = Release|Any CPU
		{EA62CD33-D284-0D73-B05E-DE9AD72C345E}.Debug|Any CPU.ActiveCfg = Debug|Any CPU
		{EA62CD33-D284-0D73-B05E-DE9AD72C345E}.Debug|Any CPU.Build.0 = Debug|Any CPU
		{EA62CD33-D284-0D73-B05E-DE9AD72C345E}.Release|Any CPU.ActiveCfg = Release|Any CPU
		{EA62CD33-D284-0D73-B05E-DE9AD72C345E}.Release|Any CPU.Build.0 = Release|Any CPU
	EndGlobalSection
	GlobalSection(SolutionProperties) = preSolution
		HideSolutionNode = FALSE
	EndGlobalSection
EndGlobal
